
Microsoft Visual Studio Solution File, Format Version 12.00
# Visual Studio 15
VisualStudioVersion = 15.0.28010.2046
MinimumVisualStudioVersion = 10.0.40219.1
Project("{888888A0-9F3D-457C-B088-3A5042F75D52}") = "Vidget", "Vidget\Vidget.pyproj", "{20B6067F-B922-4DD9-B3E3-E398EB60B43E}"
EndProject
Global
	GlobalSection(SolutionConfigurationPlatforms) = preSolution
		Debug|Any CPU = Debug|Any CPU
		Release|Any CPU = Release|Any CPU
	EndGlobalSection
	GlobalSection(ProjectConfigurationPlatforms) = postSolution
		{20B6067F-B922-4DD9-B3E3-E398EB60B43E}.Debug|Any CPU.ActiveCfg = Debug|Any CPU
		{20B6067F-B922-4DD9-B3E3-E398EB60B43E}.Release|Any CPU.ActiveCfg = Release|Any CPU
	EndGlobalSection
	GlobalSection(SolutionProperties) = preSolution
		HideSolutionNode = FALSE
	EndGlobalSection
	GlobalSection(ExtensibilityGlobals) = postSolution
		SolutionGuid = {B64B0E2A-D317-4533-90DF-AF83D75C2415}
	EndGlobalSection
EndGlobal
