
Microsoft Visual Studio Solution File, Format Version 12.00
# Visual Studio 15
VisualStudioVersion = 15.0.28010.2046
MinimumVisualStudioVersion = 10.0.40219.1
Project("{8BC9CEB8-8B4A-11D0-8D11-00A0C91BC942}") = "LAB4TRYYY", "LAB4TRYYY\LAB4TRYYY.vcxproj", "{5B62B0F4-BABA-49DC-9750-9D7B3479B4B8}"
EndProject
Project("{8BC9CEB8-8B4A-11D0-8D11-00A0C91BC942}") = "KPCG", "KPCG\KPCG.vcxproj", "{A9BDFAB3-30F5-4C59-9539-B6D370E3E478}"
EndProject
Global
	GlobalSection(SolutionConfigurationPlatforms) = preSolution
		Debug|x64 = Debug|x64
		Debug|x86 = Debug|x86
		Release|x64 = Release|x64
		Release|x86 = Release|x86
	EndGlobalSection
	GlobalSection(ProjectConfigurationPlatforms) = postSolution
		{5B62B0F4-BABA-49DC-9750-9D7B3479B4B8}.Debug|x64.ActiveCfg = Debug|x64
		{5B62B0F4-BABA-49DC-9750-9D7B3479B4B8}.Debug|x64.Build.0 = Debug|x64
		{5B62B0F4-BABA-49DC-9750-9D7B3479B4B8}.Debug|x86.ActiveCfg = Debug|Win32
		{5B62B0F4-BABA-49DC-9750-9D7B3479B4B8}.Debug|x86.Build.0 = Debug|Win32
		{5B62B0F4-BABA-49DC-9750-9D7B3479B4B8}.Release|x64.ActiveCfg = Release|x64
		{5B62B0F4-BABA-49DC-9750-9D7B3479B4B8}.Release|x64.Build.0 = Release|x64
		{5B62B0F4-BABA-49DC-9750-9D7B3479B4B8}.Release|x86.ActiveCfg = Release|Win32
		{5B62B0F4-BABA-49DC-9750-9D7B3479B4B8}.Release|x86.Build.0 = Release|Win32
		{A9BDFAB3-30F5-4C59-9539-B6D370E3E478}.Debug|x64.ActiveCfg = Debug|x64
		{A9BDFAB3-30F5-4C59-9539-B6D370E3E478}.Debug|x64.Build.0 = Debug|x64
		{A9BDFAB3-30F5-4C59-9539-B6D370E3E478}.Debug|x86.ActiveCfg = Debug|Win32
		{A9BDFAB3-30F5-4C59-9539-B6D370E3E478}.Debug|x86.Build.0 = Debug|Win32
		{A9BDFAB3-30F5-4C59-9539-B6D370E3E478}.Release|x64.ActiveCfg = Release|x64
		{A9BDFAB3-30F5-4C59-9539-B6D370E3E478}.Release|x64.Build.0 = Release|x64
		{A9BDFAB3-30F5-4C59-9539-B6D370E3E478}.Release|x86.ActiveCfg = Release|Win32
		{A9BDFAB3-30F5-4C59-9539-B6D370E3E478}.Release|x86.Build.0 = Release|Win32
	EndGlobalSection
	GlobalSection(SolutionProperties) = preSolution
		HideSolutionNode = FALSE
	EndGlobalSection
	GlobalSection(ExtensibilityGlobals) = postSolution
		SolutionGuid = {38F002D6-9037-464D-92EF-42379018E167}
	EndGlobalSection
EndGlobal
